
Microsoft Visual Studio Solution File, Format Version 11.00
# Visual Studio 2010
Project("{FAE04EC0-301F-11D3-BF4B-00C04F79EFBC}") = "Postback.Blog", "Postback.Blog\Postback.Blog.csproj", "{4D5A1B24-EFB5-413F-B39B-AF3B48B464FE}"
EndProject
Project("{FAE04EC0-301F-11D3-BF4B-00C04F79EFBC}") = "Postback.Blog.Tests", "Postback.Blog.Tests\Postback.Blog.Tests.csproj", "{B2F687D1-60DA-4D21-9F27-0290C5859ED7}"
EndProject
Global
	GlobalSection(SolutionConfigurationPlatforms) = preSolution
		Debug|Any CPU = Debug|Any CPU
		Release|Any CPU = Release|Any CPU
	EndGlobalSection
	GlobalSection(ProjectConfigurationPlatforms) = postSolution
		{4D5A1B24-EFB5-413F-B39B-AF3B48B464FE}.Debug|Any CPU.ActiveCfg = Debug|Any CPU
		{4D5A1B24-EFB5-413F-B39B-AF3B48B464FE}.Debug|Any CPU.Build.0 = Debug|Any CPU
		{4D5A1B24-EFB5-413F-B39B-AF3B48B464FE}.Release|Any CPU.ActiveCfg = Release|Any CPU
		{4D5A1B24-EFB5-413F-B39B-AF3B48B464FE}.Release|Any CPU.Build.0 = Release|Any CPU
		{B2F687D1-60DA-4D21-9F27-0290C5859ED7}.Debug|Any CPU.ActiveCfg = Debug|Any CPU
		{B2F687D1-60DA-4D21-9F27-0290C5859ED7}.Debug|Any CPU.Build.0 = Debug|Any CPU
		{B2F687D1-60DA-4D21-9F27-0290C5859ED7}.Release|Any CPU.ActiveCfg = Release|Any CPU
		{B2F687D1-60DA-4D21-9F27-0290C5859ED7}.Release|Any CPU.Build.0 = Release|Any CPU
	EndGlobalSection
	GlobalSection(SolutionProperties) = preSolution
		HideSolutionNode = FALSE
	EndGlobalSection
EndGlobal
